// !$*UTF8*$!
{
	archiveVersion = 1;
	classes = {
	};
	objectVersion = 51;
	objects = {

/* Begin PBXBuildFile section */
		064FEEB225FAE5EC000568EE /* AppDelegate.swift in Sources */ = {isa = PBXBuildFile; fileRef = 064FEEB125FAE5EC000568EE /* AppDelegate.swift */; };
		064FEEB425FAE5EC000568EE /* SceneDelegate.swift in Sources */ = {isa = PBXBuildFile; fileRef = 064FEEB325FAE5EC000568EE /* SceneDelegate.swift */; };
		064FEEB925FAE5EC000568EE /* Main.storyboard in Resources */ = {isa = PBXBuildFile; fileRef = 064FEEB725FAE5EC000568EE /* Main.storyboard */; };
		064FEEBB25FAE5F3000568EE /* Assets.xcassets in Resources */ = {isa = PBXBuildFile; fileRef = 064FEEBA25FAE5F3000568EE /* Assets.xcassets */; };
		064FEEBE25FAE5F3000568EE /* LaunchScreen.storyboard in Resources */ = {isa = PBXBuildFile; fileRef = 064FEEBC25FAE5F3000568EE /* LaunchScreen.storyboard */; };
		064FEEC925FAE5F4000568EE /* BreakingBadTestTests.swift in Sources */ = {isa = PBXBuildFile; fileRef = 064FEEC825FAE5F4000568EE /* BreakingBadTestTests.swift */; };
		064FEED425FAE5F4000568EE /* BreakingBadTestUITests.swift in Sources */ = {isa = PBXBuildFile; fileRef = 064FEED325FAE5F4000568EE /* BreakingBadTestUITests.swift */; };
		064FEEFB25FAF912000568EE /* Constants.swift in Sources */ = {isa = PBXBuildFile; fileRef = 064FEEFA25FAF912000568EE /* Constants.swift */; };
		064FEF0025FAF91D000568EE /* ModelService.swift in Sources */ = {isa = PBXBuildFile; fileRef = 064FEEFF25FAF91D000568EE /* ModelService.swift */; };
		064FEF0525FAF92D000568EE /* QuoteViewController.swift in Sources */ = {isa = PBXBuildFile; fileRef = 064FEF0425FAF92D000568EE /* QuoteViewController.swift */; };
		064FEF0A25FAF93F000568EE /* EpisodeViewController.swift in Sources */ = {isa = PBXBuildFile; fileRef = 064FEF0925FAF93E000568EE /* EpisodeViewController.swift */; };
		064FEF0F25FAF944000568EE /* CharacterViewController.swift in Sources */ = {isa = PBXBuildFile; fileRef = 064FEF0E25FAF943000568EE /* CharacterViewController.swift */; };
		064FEF1425FAF94A000568EE /* CharactersModel.swift in Sources */ = {isa = PBXBuildFile; fileRef = 064FEF1325FAF94A000568EE /* CharactersModel.swift */; };
		064FEF1925FAF950000568EE /* EpisodesModel.swift in Sources */ = {isa = PBXBuildFile; fileRef = 064FEF1825FAF950000568EE /* EpisodesModel.swift */; };
		064FEF1E25FAF966000568EE /* QuotesModel.swift in Sources */ = {isa = PBXBuildFile; fileRef = 064FEF1D25FAF966000568EE /* QuotesModel.swift */; };
		064FEF4725FAFA16000568EE /* CharacterTableViewCell.swift in Sources */ = {isa = PBXBuildFile; fileRef = 064FEF4625FAFA16000568EE /* CharacterTableViewCell.swift */; };
		064FEF4C25FAFA1B000568EE /* EpisodeTableViewCell.swift in Sources */ = {isa = PBXBuildFile; fileRef = 064FEF4B25FAFA1B000568EE /* EpisodeTableViewCell.swift */; };
		064FEF5125FAFA20000568EE /* QuoteTableViewCell.swift in Sources */ = {isa = PBXBuildFile; fileRef = 064FEF5025FAFA20000568EE /* QuoteTableViewCell.swift */; };
		064FEF6925FB0552000568EE /* CharacterDetailsViewController.swift in Sources */ = {isa = PBXBuildFile; fileRef = 064FEF6825FB0552000568EE /* CharacterDetailsViewController.swift */; };
		064FEF6E25FB174F000568EE /* EpisodesDetailsViewController.swift in Sources */ = {isa = PBXBuildFile; fileRef = 064FEF6D25FB174E000568EE /* EpisodesDetailsViewController.swift */; };
		064FEF7E25FB1C3A000568EE /* QuotesDetailsViewController.swift in Sources */ = {isa = PBXBuildFile; fileRef = 064FEF7D25FB1C38000568EE /* QuotesDetailsViewController.swift */; };
		066FB97425FBAFDA0043ED64 /* KeyChain.swift in Sources */ = {isa = PBXBuildFile; fileRef = 066FB97325FBAFD90043ED64 /* KeyChain.swift */; };
		066FB99C25FBD23E0043ED64 /* FavoritesViewController.swift in Sources */ = {isa = PBXBuildFile; fileRef = 066FB99B25FBD23E0043ED64 /* FavoritesViewController.swift */; };
		066FB9AE25FBDD4E0043ED64 /* EncryptAndDecrypt.swift in Sources */ = {isa = PBXBuildFile; fileRef = 066FB9AD25FBDD4E0043ED64 /* EncryptAndDecrypt.swift */; };
		066FBA3825FCED650043ED64 /* FavoriteTableViewCell.swift in Sources */ = {isa = PBXBuildFile; fileRef = 066FBA3725FCED650043ED64 /* FavoriteTableViewCell.swift */; };
		1D449E2A985F1670C4C0EDB1 /* Pods_BreakingBadTest.framework in Frameworks */ = {isa = PBXBuildFile; fileRef = 9EF7A5B9807E9073AA9D14EC /* Pods_BreakingBadTest.framework */; };
		D37DD59625FE73B000A9D325 /* DesignKit.swift in Sources */ = {isa = PBXBuildFile; fileRef = D37DD59525FE73B000A9D325 /* DesignKit.swift */; };
		E70F3B3E14CE51972E430B41 /* Pods_BreakingBadTest_BreakingBadTestUITests.framework in Frameworks */ = {isa = PBXBuildFile; fileRef = 45929D89CA813EEDCA4D6F79 /* Pods_BreakingBadTest_BreakingBadTestUITests.framework */; };
		EF49C9F924EDB1582063B108 /* Pods_BreakingBadTestTests.framework in Frameworks */ = {isa = PBXBuildFile; fileRef = C7DD15E2AD820FE465E8FD45 /* Pods_BreakingBadTestTests.framework */; };
/* End PBXBuildFile section */

/* Begin PBXContainerItemProxy section */
		064FEEC525FAE5F4000568EE /* PBXContainerItemProxy */ = {
			isa = PBXContainerItemProxy;
			containerPortal = 064FEEA625FAE5EB000568EE /* Project object */;
			proxyType = 1;
			remoteGlobalIDString = 064FEEAD25FAE5EB000568EE;
			remoteInfo = BreakingBadTest;
		};
		064FEED025FAE5F4000568EE /* PBXContainerItemProxy */ = {
			isa = PBXContainerItemProxy;
			containerPortal = 064FEEA625FAE5EB000568EE /* Project object */;
			proxyType = 1;
			remoteGlobalIDString = 064FEEAD25FAE5EB000568EE;
			remoteInfo = BreakingBadTest;
		};
/* End PBXContainerItemProxy section */

/* Begin PBXFileReference section */
		064FEEAE25FAE5EC000568EE /* BreakingBadTest.app */ = {isa = PBXFileReference; explicitFileType = wrapper.application; includeInIndex = 0; path = BreakingBadTest.app; sourceTree = BUILT_PRODUCTS_DIR; };
		064FEEB125FAE5EC000568EE /* AppDelegate.swift */ = {isa = PBXFileReference; lastKnownFileType = sourcecode.swift; path = AppDelegate.swift; sourceTree = "<group>"; };
		064FEEB325FAE5EC000568EE /* SceneDelegate.swift */ = {isa = PBXFileReference; lastKnownFileType = sourcecode.swift; path = SceneDelegate.swift; sourceTree = "<group>"; };
		064FEEB825FAE5EC000568EE /* Base */ = {isa = PBXFileReference; lastKnownFileType = file.storyboard; name = Base; path = Base.lproj/Main.storyboard; sourceTree = "<group>"; };
		064FEEBA25FAE5F3000568EE /* Assets.xcassets */ = {isa = PBXFileReference; lastKnownFileType = folder.assetcatalog; path = Assets.xcassets; sourceTree = "<group>"; };
		064FEEBD25FAE5F3000568EE /* Base */ = {isa = PBXFileReference; lastKnownFileType = file.storyboard; name = Base; path = Base.lproj/LaunchScreen.storyboard; sourceTree = "<group>"; };
		064FEEBF25FAE5F3000568EE /* Info.plist */ = {isa = PBXFileReference; lastKnownFileType = text.plist.xml; path = Info.plist; sourceTree = "<group>"; };
		064FEEC425FAE5F4000568EE /* BreakingBadTestTests.xctest */ = {isa = PBXFileReference; explicitFileType = wrapper.cfbundle; includeInIndex = 0; path = BreakingBadTestTests.xctest; sourceTree = BUILT_PRODUCTS_DIR; };
		064FEEC825FAE5F4000568EE /* BreakingBadTestTests.swift */ = {isa = PBXFileReference; lastKnownFileType = sourcecode.swift; path = BreakingBadTestTests.swift; sourceTree = "<group>"; };
		064FEECA25FAE5F4000568EE /* Info.plist */ = {isa = PBXFileReference; lastKnownFileType = text.plist.xml; path = Info.plist; sourceTree = "<group>"; };
		064FEECF25FAE5F4000568EE /* BreakingBadTestUITests.xctest */ = {isa = PBXFileReference; explicitFileType = wrapper.cfbundle; includeInIndex = 0; path = BreakingBadTestUITests.xctest; sourceTree = BUILT_PRODUCTS_DIR; };
		064FEED325FAE5F4000568EE /* BreakingBadTestUITests.swift */ = {isa = PBXFileReference; lastKnownFileType = sourcecode.swift; path = BreakingBadTestUITests.swift; sourceTree = "<group>"; };
		064FEED525FAE5F4000568EE /* Info.plist */ = {isa = PBXFileReference; lastKnownFileType = text.plist.xml; path = Info.plist; sourceTree = "<group>"; };
		064FEEFA25FAF912000568EE /* Constants.swift */ = {isa = PBXFileReference; fileEncoding = 4; lastKnownFileType = sourcecode.swift; path = Constants.swift; sourceTree = "<group>"; };
		064FEEFF25FAF91D000568EE /* ModelService.swift */ = {isa = PBXFileReference; fileEncoding = 4; lastKnownFileType = sourcecode.swift; path = ModelService.swift; sourceTree = "<group>"; };
		064FEF0425FAF92D000568EE /* QuoteViewController.swift */ = {isa = PBXFileReference; fileEncoding = 4; lastKnownFileType = sourcecode.swift; path = QuoteViewController.swift; sourceTree = "<group>"; };
		064FEF0925FAF93E000568EE /* EpisodeViewController.swift */ = {isa = PBXFileReference; fileEncoding = 4; lastKnownFileType = sourcecode.swift; path = EpisodeViewController.swift; sourceTree = "<group>"; };
		064FEF0E25FAF943000568EE /* CharacterViewController.swift */ = {isa = PBXFileReference; fileEncoding = 4; lastKnownFileType = sourcecode.swift; path = CharacterViewController.swift; sourceTree = "<group>"; };
		064FEF1325FAF94A000568EE /* CharactersModel.swift */ = {isa = PBXFileReference; fileEncoding = 4; lastKnownFileType = sourcecode.swift; path = CharactersModel.swift; sourceTree = "<group>"; };
		064FEF1825FAF950000568EE /* EpisodesModel.swift */ = {isa = PBXFileReference; fileEncoding = 4; lastKnownFileType = sourcecode.swift; path = EpisodesModel.swift; sourceTree = "<group>"; };
		064FEF1D25FAF966000568EE /* QuotesModel.swift */ = {isa = PBXFileReference; fileEncoding = 4; lastKnownFileType = sourcecode.swift; path = QuotesModel.swift; sourceTree = "<group>"; };
		064FEF4625FAFA16000568EE /* CharacterTableViewCell.swift */ = {isa = PBXFileReference; fileEncoding = 4; lastKnownFileType = sourcecode.swift; path = CharacterTableViewCell.swift; sourceTree = "<group>"; };
		064FEF4B25FAFA1B000568EE /* EpisodeTableViewCell.swift */ = {isa = PBXFileReference; fileEncoding = 4; lastKnownFileType = sourcecode.swift; path = EpisodeTableViewCell.swift; sourceTree = "<group>"; };
		064FEF5025FAFA20000568EE /* QuoteTableViewCell.swift */ = {isa = PBXFileReference; fileEncoding = 4; lastKnownFileType = sourcecode.swift; path = QuoteTableViewCell.swift; sourceTree = "<group>"; };
		064FEF6825FB0552000568EE /* CharacterDetailsViewController.swift */ = {isa = PBXFileReference; lastKnownFileType = sourcecode.swift; path = CharacterDetailsViewController.swift; sourceTree = "<group>"; };
		064FEF6D25FB174E000568EE /* EpisodesDetailsViewController.swift */ = {isa = PBXFileReference; lastKnownFileType = sourcecode.swift; path = EpisodesDetailsViewController.swift; sourceTree = "<group>"; };
		064FEF7D25FB1C38000568EE /* QuotesDetailsViewController.swift */ = {isa = PBXFileReference; lastKnownFileType = sourcecode.swift; path = QuotesDetailsViewController.swift; sourceTree = "<group>"; };
		066FB93625FB8BE10043ED64 /* BreakingBadTest.entitlements */ = {isa = PBXFileReference; lastKnownFileType = text.plist.entitlements; path = BreakingBadTest.entitlements; sourceTree = "<group>"; };
		066FB97325FBAFD90043ED64 /* KeyChain.swift */ = {isa = PBXFileReference; lastKnownFileType = sourcecode.swift; path = KeyChain.swift; sourceTree = "<group>"; };
		066FB99B25FBD23E0043ED64 /* FavoritesViewController.swift */ = {isa = PBXFileReference; lastKnownFileType = sourcecode.swift; path = FavoritesViewController.swift; sourceTree = "<group>"; };
		066FB9AD25FBDD4E0043ED64 /* EncryptAndDecrypt.swift */ = {isa = PBXFileReference; lastKnownFileType = sourcecode.swift; path = EncryptAndDecrypt.swift; sourceTree = "<group>"; };
		066FBA3725FCED650043ED64 /* FavoriteTableViewCell.swift */ = {isa = PBXFileReference; lastKnownFileType = sourcecode.swift; path = FavoriteTableViewCell.swift; sourceTree = "<group>"; };
		0BE5B74712B9C70F3736900E /* Pods-BreakingBadTest-BreakingBadTestUITests.debug.xcconfig */ = {isa = PBXFileReference; includeInIndex = 1; lastKnownFileType = text.xcconfig; name = "Pods-BreakingBadTest-BreakingBadTestUITests.debug.xcconfig"; path = "Target Support Files/Pods-BreakingBadTest-BreakingBadTestUITests/Pods-BreakingBadTest-BreakingBadTestUITests.debug.xcconfig"; sourceTree = "<group>"; };
		34EAFE6BD6010A78D87258CF /* Pods-BreakingBadTest-BreakingBadTestUITests.release.xcconfig */ = {isa = PBXFileReference; includeInIndex = 1; lastKnownFileType = text.xcconfig; name = "Pods-BreakingBadTest-BreakingBadTestUITests.release.xcconfig"; path = "Target Support Files/Pods-BreakingBadTest-BreakingBadTestUITests/Pods-BreakingBadTest-BreakingBadTestUITests.release.xcconfig"; sourceTree = "<group>"; };
		45929D89CA813EEDCA4D6F79 /* Pods_BreakingBadTest_BreakingBadTestUITests.framework */ = {isa = PBXFileReference; explicitFileType = wrapper.framework; includeInIndex = 0; path = Pods_BreakingBadTest_BreakingBadTestUITests.framework; sourceTree = BUILT_PRODUCTS_DIR; };
		78B19A8E5405C13DD4C4576D /* Pods-BreakingBadTest.debug.xcconfig */ = {isa = PBXFileReference; includeInIndex = 1; lastKnownFileType = text.xcconfig; name = "Pods-BreakingBadTest.debug.xcconfig"; path = "Target Support Files/Pods-BreakingBadTest/Pods-BreakingBadTest.debug.xcconfig"; sourceTree = "<group>"; };
		9EF7A5B9807E9073AA9D14EC /* Pods_BreakingBadTest.framework */ = {isa = PBXFileReference; explicitFileType = wrapper.framework; includeInIndex = 0; path = Pods_BreakingBadTest.framework; sourceTree = BUILT_PRODUCTS_DIR; };
		C7AA52F22F1EA759552D27AE /* Pods-BreakingBadTestTests.release.xcconfig */ = {isa = PBXFileReference; includeInIndex = 1; lastKnownFileType = text.xcconfig; name = "Pods-BreakingBadTestTests.release.xcconfig"; path = "Target Support Files/Pods-BreakingBadTestTests/Pods-BreakingBadTestTests.release.xcconfig"; sourceTree = "<group>"; };
		C7DD15E2AD820FE465E8FD45 /* Pods_BreakingBadTestTests.framework */ = {isa = PBXFileReference; explicitFileType = wrapper.framework; includeInIndex = 0; path = Pods_BreakingBadTestTests.framework; sourceTree = BUILT_PRODUCTS_DIR; };
		D18EE1ECD4DB89A5B08C3B75 /* Pods-BreakingBadTestTests.debug.xcconfig */ = {isa = PBXFileReference; includeInIndex = 1; lastKnownFileType = text.xcconfig; name = "Pods-BreakingBadTestTests.debug.xcconfig"; path = "Target Support Files/Pods-BreakingBadTestTests/Pods-BreakingBadTestTests.debug.xcconfig"; sourceTree = "<group>"; };
		D37DD59525FE73B000A9D325 /* DesignKit.swift */ = {isa = PBXFileReference; lastKnownFileType = sourcecode.swift; path = DesignKit.swift; sourceTree = "<group>"; };
		EF69641C650CE126CCB9A7EA /* Pods-BreakingBadTest.release.xcconfig */ = {isa = PBXFileReference; includeInIndex = 1; lastKnownFileType = text.xcconfig; name = "Pods-BreakingBadTest.release.xcconfig"; path = "Target Support Files/Pods-BreakingBadTest/Pods-BreakingBadTest.release.xcconfig"; sourceTree = "<group>"; };
/* End PBXFileReference section */

/* Begin PBXFrameworksBuildPhase section */
		064FEEAB25FAE5EB000568EE /* Frameworks */ = {
			isa = PBXFrameworksBuildPhase;
			buildActionMask = 2147483647;
			files = (
				1D449E2A985F1670C4C0EDB1 /* Pods_BreakingBadTest.framework in Frameworks */,
			);
			runOnlyForDeploymentPostprocessing = 0;
		};
		064FEEC125FAE5F4000568EE /* Frameworks */ = {
			isa = PBXFrameworksBuildPhase;
			buildActionMask = 2147483647;
			files = (
				EF49C9F924EDB1582063B108 /* Pods_BreakingBadTestTests.framework in Frameworks */,
			);
			runOnlyForDeploymentPostprocessing = 0;
		};
		064FEECC25FAE5F4000568EE /* Frameworks */ = {
			isa = PBXFrameworksBuildPhase;
			buildActionMask = 2147483647;
			files = (
				E70F3B3E14CE51972E430B41 /* Pods_BreakingBadTest_BreakingBadTestUITests.framework in Frameworks */,
			);
			runOnlyForDeploymentPostprocessing = 0;
		};
/* End PBXFrameworksBuildPhase section */

/* Begin PBXGroup section */
		064FEEA525FAE5EB000568EE = {
			isa = PBXGroup;
			children = (
				064FEEB025FAE5EC000568EE /* BreakingBadTest */,
				064FEEC725FAE5F4000568EE /* BreakingBadTestTests */,
				064FEED225FAE5F4000568EE /* BreakingBadTestUITests */,
				064FEEAF25FAE5EC000568EE /* Products */,
				E4F67A30D2A4A7223959318E /* Pods */,
				F03D9D96F7198502FEBE0BC1 /* Frameworks */,
			);
			sourceTree = "<group>";
		};
		064FEEAF25FAE5EC000568EE /* Products */ = {
			isa = PBXGroup;
			children = (
				064FEEAE25FAE5EC000568EE /* BreakingBadTest.app */,
				064FEEC425FAE5F4000568EE /* BreakingBadTestTests.xctest */,
				064FEECF25FAE5F4000568EE /* BreakingBadTestUITests.xctest */,
			);
			name = Products;
			sourceTree = "<group>";
		};
		064FEEB025FAE5EC000568EE /* BreakingBadTest */ = {
			isa = PBXGroup;
			children = (
				066FB9A025FBD24D0043ED64 /* Essentials */,
				066FB93625FB8BE10043ED64 /* BreakingBadTest.entitlements */,
				066FB93225FB8B6B0043ED64 /* ControllerAPI */,
				064FEF5625FAFA46000568EE /* Helpers */,
				064FEF5525FAFA26000568EE /* CustomCells */,
				064FEF4225FAF9E4000568EE /* View */,
				064FEF4025FAF9A3000568EE /* Models */,
				064FEEBF25FAE5F3000568EE /* Info.plist */,
			);
			path = BreakingBadTest;
			sourceTree = "<group>";
		};
		064FEEC725FAE5F4000568EE /* BreakingBadTestTests */ = {
			isa = PBXGroup;
			children = (
				064FEEC825FAE5F4000568EE /* BreakingBadTestTests.swift */,
				064FEECA25FAE5F4000568EE /* Info.plist */,
			);
			path = BreakingBadTestTests;
			sourceTree = "<group>";
		};
		064FEED225FAE5F4000568EE /* BreakingBadTestUITests */ = {
			isa = PBXGroup;
			children = (
				064FEED325FAE5F4000568EE /* BreakingBadTestUITests.swift */,
				064FEED525FAE5F4000568EE /* Info.plist */,
			);
			path = BreakingBadTestUITests;
			sourceTree = "<group>";
		};
		064FEF4025FAF9A3000568EE /* Models */ = {
			isa = PBXGroup;
			children = (
				064FEF1325FAF94A000568EE /* CharactersModel.swift */,
				064FEF1825FAF950000568EE /* EpisodesModel.swift */,
				064FEF1D25FAF966000568EE /* QuotesModel.swift */,
			);
			path = Models;
			sourceTree = "<group>";
		};
		064FEF4225FAF9E4000568EE /* View */ = {
			isa = PBXGroup;
			children = (
				064FEEB725FAE5EC000568EE /* Main.storyboard */,
				066FB99B25FBD23E0043ED64 /* FavoritesViewController.swift */,
				064FEF0925FAF93E000568EE /* EpisodeViewController.swift */,
				064FEF0425FAF92D000568EE /* QuoteViewController.swift */,
				064FEEBC25FAE5F3000568EE /* LaunchScreen.storyboard */,
				064FEF0E25FAF943000568EE /* CharacterViewController.swift */,
				064FEF6825FB0552000568EE /* CharacterDetailsViewController.swift */,
				064FEF6D25FB174E000568EE /* EpisodesDetailsViewController.swift */,
				064FEF7D25FB1C38000568EE /* QuotesDetailsViewController.swift */,
			);
			path = View;
			sourceTree = "<group>";
		};
		064FEF5525FAFA26000568EE /* CustomCells */ = {
			isa = PBXGroup;
			children = (
				064FEF4625FAFA16000568EE /* CharacterTableViewCell.swift */,
				064FEF4B25FAFA1B000568EE /* EpisodeTableViewCell.swift */,
				064FEF5025FAFA20000568EE /* QuoteTableViewCell.swift */,
				066FBA3725FCED650043ED64 /* FavoriteTableViewCell.swift */,
			);
			path = CustomCells;
			sourceTree = "<group>";
		};
		064FEF5625FAFA46000568EE /* Helpers */ = {
			isa = PBXGroup;
			children = (
				064FEEFA25FAF912000568EE /* Constants.swift */,
				066FB97325FBAFD90043ED64 /* KeyChain.swift */,
				066FB9AD25FBDD4E0043ED64 /* EncryptAndDecrypt.swift */,
				D37DD59525FE73B000A9D325 /* DesignKit.swift */,
			);
			path = Helpers;
			sourceTree = "<group>";
		};
		066FB93225FB8B6B0043ED64 /* ControllerAPI */ = {
			isa = PBXGroup;
			children = (
				064FEEFF25FAF91D000568EE /* ModelService.swift */,
			);
			path = ControllerAPI;
			sourceTree = "<group>";
		};
		066FB9A025FBD24D0043ED64 /* Essentials */ = {
			isa = PBXGroup;
			children = (
				064FEEBA25FAE5F3000568EE /* Assets.xcassets */,
				064FEEB325FAE5EC000568EE /* SceneDelegate.swift */,
				064FEEB125FAE5EC000568EE /* AppDelegate.swift */,
			);
			path = Essentials;
			sourceTree = "<group>";
		};
		E4F67A30D2A4A7223959318E /* Pods */ = {
			isa = PBXGroup;
			children = (
				78B19A8E5405C13DD4C4576D /* Pods-BreakingBadTest.debug.xcconfig */,
				EF69641C650CE126CCB9A7EA /* Pods-BreakingBadTest.release.xcconfig */,
				0BE5B74712B9C70F3736900E /* Pods-BreakingBadTest-BreakingBadTestUITests.debug.xcconfig */,
				34EAFE6BD6010A78D87258CF /* Pods-BreakingBadTest-BreakingBadTestUITests.release.xcconfig */,
				D18EE1ECD4DB89A5B08C3B75 /* Pods-BreakingBadTestTests.debug.xcconfig */,
				C7AA52F22F1EA759552D27AE /* Pods-BreakingBadTestTests.release.xcconfig */,
			);
			path = Pods;
			sourceTree = "<group>";
		};
		F03D9D96F7198502FEBE0BC1 /* Frameworks */ = {
			isa = PBXGroup;
			children = (
				9EF7A5B9807E9073AA9D14EC /* Pods_BreakingBadTest.framework */,
				45929D89CA813EEDCA4D6F79 /* Pods_BreakingBadTest_BreakingBadTestUITests.framework */,
				C7DD15E2AD820FE465E8FD45 /* Pods_BreakingBadTestTests.framework */,
			);
			name = Frameworks;
			sourceTree = "<group>";
		};
/* End PBXGroup section */

/* Begin PBXNativeTarget section */
		064FEEAD25FAE5EB000568EE /* BreakingBadTest */ = {
			isa = PBXNativeTarget;
			buildConfigurationList = 064FEED825FAE5F4000568EE /* Build configuration list for PBXNativeTarget "BreakingBadTest" */;
			buildPhases = (
				3B33C812C2B6418533AAC43A /* Build Project Frameworks */,
				CEDDFCEBAE1D3EE0565CF841 /* [CP] Check Pods Manifest.lock */,
				064FEEAA25FAE5EB000568EE /* Sources */,
				064FEEAB25FAE5EB000568EE /* Frameworks */,
				064FEEAC25FAE5EB000568EE /* Resources */,
				2ADA277FC248AE9942E3668C /* [CP] Embed Pods Frameworks */,
			);
			buildRules = (
			);
			dependencies = (
			);
			name = BreakingBadTest;
			productName = BreakingBadTest;
			productReference = 064FEEAE25FAE5EC000568EE /* BreakingBadTest.app */;
			productType = "com.apple.product-type.application";
		};
		064FEEC325FAE5F4000568EE /* BreakingBadTestTests */ = {
			isa = PBXNativeTarget;
			buildConfigurationList = 064FEEDB25FAE5F4000568EE /* Build configuration list for PBXNativeTarget "BreakingBadTestTests" */;
			buildPhases = (
				A33F33B6AA1CF4CBD7FD02EA /* [CP] Check Pods Manifest.lock */,
				064FEEC025FAE5F4000568EE /* Sources */,
				064FEEC125FAE5F4000568EE /* Frameworks */,
				064FEEC225FAE5F4000568EE /* Resources */,
			);
			buildRules = (
			);
			dependencies = (
				064FEEC625FAE5F4000568EE /* PBXTargetDependency */,
			);
			name = BreakingBadTestTests;
			productName = BreakingBadTestTests;
			productReference = 064FEEC425FAE5F4000568EE /* BreakingBadTestTests.xctest */;
			productType = "com.apple.product-type.bundle.unit-test";
		};
		064FEECE25FAE5F4000568EE /* BreakingBadTestUITests */ = {
			isa = PBXNativeTarget;
			buildConfigurationList = 064FEEDE25FAE5F4000568EE /* Build configuration list for PBXNativeTarget "BreakingBadTestUITests" */;
			buildPhases = (
				6FAD904A91CFE52445515A30 /* [CP] Check Pods Manifest.lock */,
				064FEECB25FAE5F4000568EE /* Sources */,
				064FEECC25FAE5F4000568EE /* Frameworks */,
				064FEECD25FAE5F4000568EE /* Resources */,
				1B176E1C8282040BFD9AAED0 /* [CP] Embed Pods Frameworks */,
			);
			buildRules = (
			);
			dependencies = (
				064FEED125FAE5F4000568EE /* PBXTargetDependency */,
			);
			name = BreakingBadTestUITests;
			productName = BreakingBadTestUITests;
			productReference = 064FEECF25FAE5F4000568EE /* BreakingBadTestUITests.xctest */;
			productType = "com.apple.product-type.bundle.ui-testing";
		};
/* End PBXNativeTarget section */

/* Begin PBXProject section */
		064FEEA625FAE5EB000568EE /* Project object */ = {
			isa = PBXProject;
			attributes = {
				LastSwiftUpdateCheck = 1240;
				LastUpgradeCheck = 1240;
				TargetAttributes = {
					064FEEAD25FAE5EB000568EE = {
						CreatedOnToolsVersion = 12.4;
					};
					064FEEC325FAE5F4000568EE = {
						CreatedOnToolsVersion = 12.4;
						TestTargetID = 064FEEAD25FAE5EB000568EE;
					};
					064FEECE25FAE5F4000568EE = {
						CreatedOnToolsVersion = 12.4;
						TestTargetID = 064FEEAD25FAE5EB000568EE;
					};
				};
			};
			buildConfigurationList = 064FEEA925FAE5EB000568EE /* Build configuration list for PBXProject "BreakingBadTest" */;
			compatibilityVersion = "Xcode 9.3";
			developmentRegion = en;
			hasScannedForEncodings = 0;
			knownRegions = (
				en,
				Base,
			);
			mainGroup = 064FEEA525FAE5EB000568EE;
			productRefGroup = 064FEEAF25FAE5EC000568EE /* Products */;
			projectDirPath = "";
			projectRoot = "";
			targets = (
				064FEEAD25FAE5EB000568EE /* BreakingBadTest */,
				064FEEC325FAE5F4000568EE /* BreakingBadTestTests */,
				064FEECE25FAE5F4000568EE /* BreakingBadTestUITests */,
			);
		};
/* End PBXProject section */

/* Begin PBXResourcesBuildPhase section */
		064FEEAC25FAE5EB000568EE /* Resources */ = {
			isa = PBXResourcesBuildPhase;
			buildActionMask = 2147483647;
			files = (
				064FEEBE25FAE5F3000568EE /* LaunchScreen.storyboard in Resources */,
				064FEEBB25FAE5F3000568EE /* Assets.xcassets in Resources */,
				064FEEB925FAE5EC000568EE /* Main.storyboard in Resources */,
			);
			runOnlyForDeploymentPostprocessing = 0;
		};
		064FEEC225FAE5F4000568EE /* Resources */ = {
			isa = PBXResourcesBuildPhase;
			buildActionMask = 2147483647;
			files = (
			);
			runOnlyForDeploymentPostprocessing = 0;
		};
		064FEECD25FAE5F4000568EE /* Resources */ = {
			isa = PBXResourcesBuildPhase;
			buildActionMask = 2147483647;
			files = (
			);
			runOnlyForDeploymentPostprocessing = 0;
		};
/* End PBXResourcesBuildPhase section */

/* Begin PBXShellScriptBuildPhase section */

	3B33C812C2B6418533AAC43A /* Build Project Frameworks */ = {
			isa = PBXShellScriptBuildPhase;
			buildActionMask = 2147483647;
			files = (
			);
			inputFileListPaths = (
			);
			inputPaths = (
			);
			name = "Build Project Frameworks";
			outputFileListPaths = (
			);
			outputPaths = (
			);
			runOnlyForDeploymentPostprocessing = 0;
			shellPath = /bin/sh;
			shellScript = "# This output is used by Xcode outputs to avoid re-running this script phase.

\"${PROJECT_FILE_PATH}/xcuserdata/.xcassets/xcassets.folder\" false";			
		};
	

	

	

	
		1B176E1C8282040BFD9AAED0 /* [CP] Embed Pods Frameworks */ = {
			isa = PBXShellScriptBuildPhase;
			buildActionMask = 2147483647;
			files = (
			);
			inputFileListPaths = (
				"${PODS_ROOT}/Target Support Files/Pods-BreakingBadTest-BreakingBadTestUITests/Pods-BreakingBadTest-BreakingBadTestUITests-frameworks-${CONFIGURATION}-input-files.xcfilelist",
			);
			name = "[CP] Embed Pods Frameworks";
			outputFileListPaths = (
				"${PODS_ROOT}/Target Support Files/Pods-BreakingBadTest-BreakingBadTestUITests/Pods-BreakingBadTest-BreakingBadTestUITests-frameworks-${CONFIGURATION}-output-files.xcfilelist",
			);
			runOnlyForDeploymentPostprocessing = 0;
			shellPath = /bin/sh;
			shellScript = "\"${PODS_ROOT}/Target Support Files/Pods-BreakingBadTest-BreakingBadTestUITests/Pods-BreakingBadTest-BreakingBadTestUITests-frameworks.sh\"\n";
			showEnvVarsInLog = 0;
		};
		2ADA277FC248AE9942E3668C /* [CP] Embed Pods Frameworks */ = {
			isa = PBXShellScriptBuildPhase;
			buildActionMask = 2147483647;
			files = (
			);
			inputFileListPaths = (
				"${PODS_ROOT}/Target Support Files/Pods-BreakingBadTest/Pods-BreakingBadTest-frameworks-${CONFIGURATION}-input-files.xcfilelist",
			);
			name = "[CP] Embed Pods Frameworks";
			outputFileListPaths = (
				"${PODS_ROOT}/Target Support Files/Pods-BreakingBadTest/Pods-BreakingBadTest-frameworks-${CONFIGURATION}-output-files.xcfilelist",
			);
			runOnlyForDeploymentPostprocessing = 0;
			shellPath = /bin/sh;
			shellScript = "\"${PODS_ROOT}/Target Support Files/Pods-BreakingBadTest/Pods-BreakingBadTest-frameworks.sh\"\n";
			showEnvVarsInLog = 0;
		};
		6FAD904A91CFE52445515A30 /* [CP] Check Pods Manifest.lock */ = {
			isa = PBXShellScriptBuildPhase;
			buildActionMask = 2147483647;
			files = (
			);
			inputFileListPaths = (
			);
			inputPaths = (
				"${PODS_PODFILE_DIR_PATH}/Podfile.lock",
				"${PODS_ROOT}/Manifest.lock",
			);
			name = "[CP] Check Pods Manifest.lock";
			outputFileListPaths = (
			);
			outputPaths = (
				"$(DERIVED_FILE_DIR)/Pods-BreakingBadTest-BreakingBadTestUITests-checkManifestLockResult.txt",
			);
			runOnlyForDeploymentPostprocessing = 0;
			shellPath = /bin/sh;
			shellScript = "diff \"${PODS_PODFILE_DIR_PATH}/Podfile.lock\" \"${PODS_ROOT}/Manifest.lock\" > /dev/null\nif [ $? != 0 ] ; then\n    # print error to STDERR\n    echo \"error: The sandbox is not in sync with the Podfile.lock. Run 'pod install' or update your CocoaPods installation.\" >&2\n    exit 1\nfi\n# This output is used by Xcode 'outputs' to avoid re-running this script phase.\necho \"SUCCESS\" > \"${SCRIPT_OUTPUT_FILE_0}\"\n";
			showEnvVarsInLog = 0;
		};
		A33F33B6AA1CF4CBD7FD02EA /* [CP] Check Pods Manifest.lock */ = {
			isa = PBXShellScriptBuildPhase;
			buildActionMask = 2147483647;
			files = (
			);
			inputFileListPaths = (
			);
			inputPaths = (
				"${PODS_PODFILE_DIR_PATH}/Podfile.lock",
				"${PODS_ROOT}/Manifest.lock",
			);
			name = "[CP] Check Pods Manifest.lock";
			outputFileListPaths = (
			);
			outputPaths = (
				"$(DERIVED_FILE_DIR)/Pods-BreakingBadTestTests-checkManifestLockResult.txt",
			);
			runOnlyForDeploymentPostprocessing = 0;
			shellPath = /bin/sh;
			shellScript = "diff \"${PODS_PODFILE_DIR_PATH}/Podfile.lock\" \"${PODS_ROOT}/Manifest.lock\" > /dev/null\nif [ $? != 0 ] ; then\n    # print error to STDERR\n    echo \"error: The sandbox is not in sync with the Podfile.lock. Run 'pod install' or update your CocoaPods installation.\" >&2\n    exit 1\nfi\n# This output is used by Xcode 'outputs' to avoid re-running this script phase.\necho \"SUCCESS\" > \"${SCRIPT_OUTPUT_FILE_0}\"\n";
			showEnvVarsInLog = 0;
		};
		CEDDFCEBAE1D3EE0565CF841 /* [CP] Check Pods Manifest.lock */ = {
			isa = PBXShellScriptBuildPhase;
			buildActionMask = 2147483647;
			files = (
			);
			inputFileListPaths = (
			);
			inputPaths = (
				"${PODS_PODFILE_DIR_PATH}/Podfile.lock",
				"${PODS_ROOT}/Manifest.lock",
			);
			name = "[CP] Check Pods Manifest.lock";
			outputFileListPaths = (
			);
			outputPaths = (
				"$(DERIVED_FILE_DIR)/Pods-BreakingBadTest-checkManifestLockResult.txt",
			);
			runOnlyForDeploymentPostprocessing = 0;
			shellPath = /bin/sh;
			shellScript = "diff \"${PODS_PODFILE_DIR_PATH}/Podfile.lock\" \"${PODS_ROOT}/Manifest.lock\" > /dev/null\nif [ $? != 0 ] ; then\n    # print error to STDERR\n    echo \"error: The sandbox is not in sync with the Podfile.lock. Run 'pod install' or update your CocoaPods installation.\" >&2\n    exit 1\nfi\n# This output is used by Xcode 'outputs' to avoid re-running this script phase.\necho \"SUCCESS\" > \"${SCRIPT_OUTPUT_FILE_0}\"\n";
			showEnvVarsInLog = 0;
		};
/* End PBXShellScriptBuildPhase section */

/* Begin PBXSourcesBuildPhase section */
		064FEEAA25FAE5EB000568EE /* Sources */ = {
			isa = PBXSourcesBuildPhase;
			buildActionMask = 2147483647;
			files = (
				064FEF1425FAF94A000568EE /* CharactersModel.swift in Sources */,
				064FEF0A25FAF93F000568EE /* EpisodeViewController.swift in Sources */,
				064FEF5125FAFA20000568EE /* QuoteTableViewCell.swift in Sources */,
				064FEF1925FAF950000568EE /* EpisodesModel.swift in Sources */,
				064FEF1E25FAF966000568EE /* QuotesModel.swift in Sources */,
				064FEEB225FAE5EC000568EE /* AppDelegate.swift in Sources */,
				064FEEB425FAE5EC000568EE /* SceneDelegate.swift in Sources */,
				066FB97425FBAFDA0043ED64 /* KeyChain.swift in Sources */,
				064FEF4C25FAFA1B000568EE /* EpisodeTableViewCell.swift in Sources */,
				D37DD59625FE73B000A9D325 /* DesignKit.swift in Sources */,
				066FBA3825FCED650043ED64 /* FavoriteTableViewCell.swift in Sources */,
				064FEF4725FAFA16000568EE /* CharacterTableViewCell.swift in Sources */,
				066FB99C25FBD23E0043ED64 /* FavoritesViewController.swift in Sources */,
				064FEF6925FB0552000568EE /* CharacterDetailsViewController.swift in Sources */,
				066FB9AE25FBDD4E0043ED64 /* EncryptAndDecrypt.swift in Sources */,
				064FEF6E25FB174F000568EE /* EpisodesDetailsViewController.swift in Sources */,
				064FEF7E25FB1C3A000568EE /* QuotesDetailsViewController.swift in Sources */,
				064FEF0F25FAF944000568EE /* CharacterViewController.swift in Sources */,
				064FEF0525FAF92D000568EE /* QuoteViewController.swift in Sources */,
				064FEEFB25FAF912000568EE /* Constants.swift in Sources */,
				064FEF0025FAF91D000568EE /* ModelService.swift in Sources */,
			);
			runOnlyForDeploymentPostprocessing = 0;
		};
		064FEEC025FAE5F4000568EE /* Sources */ = {
			isa = PBXSourcesBuildPhase;
			buildActionMask = 2147483647;
			files = (
				064FEEC925FAE5F4000568EE /* BreakingBadTestTests.swift in Sources */,
			);
			runOnlyForDeploymentPostprocessing = 0;
		};
		064FEECB25FAE5F4000568EE /* Sources */ = {
			isa = PBXSourcesBuildPhase;
			buildActionMask = 2147483647;
			files = (
				064FEED425FAE5F4000568EE /* BreakingBadTestUITests.swift in Sources */,
			);
			runOnlyForDeploymentPostprocessing = 0;
		};
/* End PBXSourcesBuildPhase section */

/* Begin PBXTargetDependency section */
		064FEEC625FAE5F4000568EE /* PBXTargetDependency */ = {
			isa = PBXTargetDependency;
			target = 064FEEAD25FAE5EB000568EE /* BreakingBadTest */;
			targetProxy = 064FEEC525FAE5F4000568EE /* PBXContainerItemProxy */;
		};
		064FEED125FAE5F4000568EE /* PBXTargetDependency */ = {
			isa = PBXTargetDependency;
			target = 064FEEAD25FAE5EB000568EE /* BreakingBadTest */;
			targetProxy = 064FEED025FAE5F4000568EE /* PBXContainerItemProxy */;
		};
/* End PBXTargetDependency section */

/* Begin PBXVariantGroup section */
		064FEEB725FAE5EC000568EE /* Main.storyboard */ = {
			isa = PBXVariantGroup;
			children = (
				064FEEB825FAE5EC000568EE /* Base */,
			);
			name = Main.storyboard;
			sourceTree = "<group>";
		};
		064FEEBC25FAE5F3000568EE /* LaunchScreen.storyboard */ = {
			isa = PBXVariantGroup;
			children = (
				064FEEBD25FAE5F3000568EE /* Base */,
			);
			name = LaunchScreen.storyboard;
			sourceTree = "<group>";
		};
/* End PBXVariantGroup section */

/* Begin XCBuildConfiguration section */
		064FEED625FAE5F4000568EE /* Debug */ = {
			isa = XCBuildConfiguration;
			buildSettings = {
				ALWAYS_SEARCH_USER_PATHS = NO;
				CLANG_ANALYZER_NONNULL = YES;
				CLANG_ANALYZER_NUMBER_OBJECT_CONVERSION = YES_AGGRESSIVE;
				CLANG_CXX_LANGUAGE_STANDARD = "gnu++14";
				CLANG_CXX_LIBRARY = "libc++";
				CLANG_ENABLE_MODULES = YES;
				CLANG_ENABLE_OBJC_ARC = YES;
				CLANG_ENABLE_OBJC_WEAK = YES;
				CLANG_WARN_BLOCK_CAPTURE_AUTORELEASING = YES;
				CLANG_WARN_BOOL_CONVERSION = YES;
				CLANG_WARN_COMMA = YES;
				CLANG_WARN_CONSTANT_CONVERSION = YES;
				CLANG_WARN_DEPRECATED_OBJC_IMPLEMENTATIONS = YES;
				CLANG_WARN_DIRECT_OBJC_ISA_USAGE = YES_ERROR;
				CLANG_WARN_DOCUMENTATION_COMMENTS = YES;
				CLANG_WARN_EMPTY_BODY = YES;
				CLANG_WARN_ENUM_CONVERSION = YES;
				CLANG_WARN_INFINITE_RECURSION = YES;
				CLANG_WARN_INT_CONVERSION = YES;
				CLANG_WARN_NON_LITERAL_NULL_CONVERSION = YES;
				CLANG_WARN_OBJC_IMPLICIT_RETAIN_SELF = YES;
				CLANG_WARN_OBJC_LITERAL_CONVERSION = YES;
				CLANG_WARN_OBJC_ROOT_CLASS = YES_ERROR;
				CLANG_WARN_QUOTED_INCLUDE_IN_FRAMEWORK_HEADER = YES;
				CLANG_WARN_RANGE_LOOP_ANALYSIS = YES;
				CLANG_WARN_STRICT_PROTOTYPES = YES;
				CLANG_WARN_SUSPICIOUS_MOVE = YES;
				CLANG_WARN_UNGUARDED_AVAILABILITY = YES_AGGRESSIVE;
				CLANG_WARN_UNREACHABLE_CODE = YES;
				CLANG_WARN__DUPLICATE_METHOD_MATCH = YES;
				COPY_PHASE_STRIP = NO;
				DEBUG_INFORMATION_FORMAT = dwarf;
				ENABLE_STRICT_OBJC_MSGSEND = YES;
				ENABLE_TESTABILITY = YES;
				GCC_C_LANGUAGE_STANDARD = gnu11;
				GCC_DYNAMIC_NO_PIC = NO;
				GCC_NO_COMMON_BLOCKS = YES;
				GCC_OPTIMIZATION_LEVEL = 0;
				GCC_PREPROCESSOR_DEFINITIONS = (
					"DEBUG=1",
					"$(inherited)",
				);
				GCC_WARN_64_TO_32_BIT_CONVERSION = YES;
				GCC_WARN_ABOUT_RETURN_TYPE = YES_ERROR;
				GCC_WARN_UNDECLARED_SELECTOR = YES;
				GCC_WARN_UNINITIALIZED_AUTOS = YES_AGGRESSIVE;
				GCC_WARN_UNUSED_FUNCTION = YES;
				GCC_WARN_UNUSED_VARIABLE = YES;
				IPHONEOS_DEPLOYMENT_TARGET = 13.0;
				MTL_ENABLE_DEBUG_INFO = INCLUDE_SOURCE;
				MTL_FAST_MATH = YES;
				ONLY_ACTIVE_ARCH = YES;
				SDKROOT = iphoneos;
				SWIFT_ACTIVE_COMPILATION_CONDITIONS = DEBUG;
				SWIFT_OPTIMIZATION_LEVEL = "-Onone";
			};
			name = Debug;
		};
		064FEED725FAE5F4000568EE /* Release */ = {
			isa = XCBuildConfiguration;
			buildSettings = {
				ALWAYS_SEARCH_USER_PATHS = NO;
				CLANG_ANALYZER_NONNULL = YES;
				CLANG_ANALYZER_NUMBER_OBJECT_CONVERSION = YES_AGGRESSIVE;
				CLANG_CXX_LANGUAGE_STANDARD = "gnu++14";
				CLANG_CXX_LIBRARY = "libc++";
				CLANG_ENABLE_MODULES = YES;
				CLANG_ENABLE_OBJC_ARC = YES;
				CLANG_ENABLE_OBJC_WEAK = YES;
				CLANG_WARN_BLOCK_CAPTURE_AUTORELEASING = YES;
				CLANG_WARN_BOOL_CONVERSION = YES;
				CLANG_WARN_COMMA = YES;
				CLANG_WARN_CONSTANT_CONVERSION = YES;
				CLANG_WARN_DEPRECATED_OBJC_IMPLEMENTATIONS = YES;
				CLANG_WARN_DIRECT_OBJC_ISA_USAGE = YES_ERROR;
				CLANG_WARN_DOCUMENTATION_COMMENTS = YES;
				CLANG_WARN_EMPTY_BODY = YES;
				CLANG_WARN_ENUM_CONVERSION = YES;
				CLANG_WARN_INFINITE_RECURSION = YES;
				CLANG_WARN_INT_CONVERSION = YES;
				CLANG_WARN_NON_LITERAL_NULL_CONVERSION = YES;
				CLANG_WARN_OBJC_IMPLICIT_RETAIN_SELF = YES;
				CLANG_WARN_OBJC_LITERAL_CONVERSION = YES;
				CLANG_WARN_OBJC_ROOT_CLASS = YES_ERROR;
				CLANG_WARN_QUOTED_INCLUDE_IN_FRAMEWORK_HEADER = YES;
				CLANG_WARN_RANGE_LOOP_ANALYSIS = YES;
				CLANG_WARN_STRICT_PROTOTYPES = YES;
				CLANG_WARN_SUSPICIOUS_MOVE = YES;
				CLANG_WARN_UNGUARDED_AVAILABILITY = YES_AGGRESSIVE;
				CLANG_WARN_UNREACHABLE_CODE = YES;
				CLANG_WARN__DUPLICATE_METHOD_MATCH = YES;
				COPY_PHASE_STRIP = NO;
				DEBUG_INFORMATION_FORMAT = "dwarf-with-dsym";
				ENABLE_NS_ASSERTIONS = NO;
				ENABLE_STRICT_OBJC_MSGSEND = YES;
				GCC_C_LANGUAGE_STANDARD = gnu11;
				GCC_NO_COMMON_BLOCKS = YES;
				GCC_WARN_64_TO_32_BIT_CONVERSION = YES;
				GCC_WARN_ABOUT_RETURN_TYPE = YES_ERROR;
				GCC_WARN_UNDECLARED_SELECTOR = YES;
				GCC_WARN_UNINITIALIZED_AUTOS = YES_AGGRESSIVE;
				GCC_WARN_UNUSED_FUNCTION = YES;
				GCC_WARN_UNUSED_VARIABLE = YES;
				IPHONEOS_DEPLOYMENT_TARGET = 13.0;
				MTL_ENABLE_DEBUG_INFO = NO;
				MTL_FAST_MATH = YES;
				SDKROOT = iphoneos;
				SWIFT_COMPILATION_MODE = wholemodule;
				SWIFT_OPTIMIZATION_LEVEL = "-O";
				VALIDATE_PRODUCT = YES;
			};
			name = Release;
		};
		064FEED925FAE5F4000568EE /* Debug */ = {
			isa = XCBuildConfiguration;
			baseConfigurationReference = 78B19A8E5405C13DD4C4576D /* Pods-BreakingBadTest.debug.xcconfig */;
			buildSettings = {
				ASSETCATALOG_COMPILER_APPICON_NAME = AppIcon;
				ASSETCATALOG_COMPILER_GLOBAL_ACCENT_COLOR_NAME = AccentColor;
				CODE_SIGN_ENTITLEMENTS = BreakingBadTest/BreakingBadTest.entitlements;
				CODE_SIGN_STYLE = Automatic;
				DEVELOPMENT_TEAM = 5ZKX9UQ6W9;
				INFOPLIST_FILE = BreakingBadTest/Info.plist;
				LD_RUNPATH_SEARCH_PATHS = (
					"$(inherited)",
					"@executable_path/Frameworks",
				);
				PRODUCT_BUNDLE_IDENTIFIER = com.BreakingBadTest;
				PRODUCT_NAME = "$(TARGET_NAME)";
				SWIFT_VERSION = 5.0;
				TARGETED_DEVICE_FAMILY = "1,2";
			};
			name = Debug;
		};
		064FEEDA25FAE5F4000568EE /* Release */ = {
			isa = XCBuildConfiguration;
			baseConfigurationReference = EF69641C650CE126CCB9A7EA /* Pods-BreakingBadTest.release.xcconfig */;
			buildSettings = {
				ASSETCATALOG_COMPILER_APPICON_NAME = AppIcon;
				ASSETCATALOG_COMPILER_GLOBAL_ACCENT_COLOR_NAME = AccentColor;
				CODE_SIGN_ENTITLEMENTS = BreakingBadTest/BreakingBadTest.entitlements;
				CODE_SIGN_STYLE = Automatic;
				DEVELOPMENT_TEAM = 5ZKX9UQ6W9;
				INFOPLIST_FILE = BreakingBadTest/Info.plist;
				LD_RUNPATH_SEARCH_PATHS = (
					"$(inherited)",
					"@executable_path/Frameworks",
				);
				PRODUCT_BUNDLE_IDENTIFIER = com.BreakingBadTest;
				PRODUCT_NAME = "$(TARGET_NAME)";
				SWIFT_VERSION = 5.0;
				TARGETED_DEVICE_FAMILY = "1,2";
			};
			name = Release;
		};
		064FEEDC25FAE5F4000568EE /* Debug */ = {
			isa = XCBuildConfiguration;
			baseConfigurationReference = D18EE1ECD4DB89A5B08C3B75 /* Pods-BreakingBadTestTests.debug.xcconfig */;
			buildSettings = {
				ALWAYS_EMBED_SWIFT_STANDARD_LIBRARIES = YES;
				BUNDLE_LOADER = "$(TEST_HOST)";
				CODE_SIGN_STYLE = Automatic;
				DEVELOPMENT_TEAM = RD2N7UQP83;
				INFOPLIST_FILE = BreakingBadTestTests/Info.plist;
				IPHONEOS_DEPLOYMENT_TARGET = 14.0;
				LD_RUNPATH_SEARCH_PATHS = (
					"$(inherited)",
					"@executable_path/Frameworks",
					"@loader_path/Frameworks",
				);
				PRODUCT_BUNDLE_IDENTIFIER = com.BreakingBadTestTests;
				PRODUCT_NAME = "$(TARGET_NAME)";
				SWIFT_VERSION = 5.0;
				TARGETED_DEVICE_FAMILY = "1,2";
				TEST_HOST = "$(BUILT_PRODUCTS_DIR)/BreakingBadTest.app/BreakingBadTest";
			};
			name = Debug;
		};
		064FEEDD25FAE5F4000568EE /* Release */ = {
			isa = XCBuildConfiguration;
			baseConfigurationReference = C7AA52F22F1EA759552D27AE /* Pods-BreakingBadTestTests.release.xcconfig */;
			buildSettings = {
				ALWAYS_EMBED_SWIFT_STANDARD_LIBRARIES = YES;
				BUNDLE_LOADER = "$(TEST_HOST)";
				CODE_SIGN_STYLE = Automatic;
				DEVELOPMENT_TEAM = RD2N7UQP83;
				INFOPLIST_FILE = BreakingBadTestTests/Info.plist;
				IPHONEOS_DEPLOYMENT_TARGET = 14.0;
				LD_RUNPATH_SEARCH_PATHS = (
					"$(inherited)",
					"@executable_path/Frameworks",
					"@loader_path/Frameworks",
				);
				PRODUCT_BUNDLE_IDENTIFIER = com.BreakingBadTestTests;
				PRODUCT_NAME = "$(TARGET_NAME)";
				SWIFT_VERSION = 5.0;
				TARGETED_DEVICE_FAMILY = "1,2";
				TEST_HOST = "$(BUILT_PRODUCTS_DIR)/BreakingBadTest.app/BreakingBadTest";
			};
			name = Release;
		};
		064FEEDF25FAE5F4000568EE /* Debug */ = {
			isa = XCBuildConfiguration;
			baseConfigurationReference = 0BE5B74712B9C70F3736900E /* Pods-BreakingBadTest-BreakingBadTestUITests.debug.xcconfig */;
			buildSettings = {
				ALWAYS_EMBED_SWIFT_STANDARD_LIBRARIES = YES;
				CODE_SIGN_STYLE = Automatic;
				DEVELOPMENT_TEAM = RD2N7UQP83;
				INFOPLIST_FILE = BreakingBadTestUITests/Info.plist;
				LD_RUNPATH_SEARCH_PATHS = (
					"$(inherited)",
					"@executable_path/Frameworks",
					"@loader_path/Frameworks",
				);
				PRODUCT_BUNDLE_IDENTIFIER = com.BreakingBadTestUITests;
				PRODUCT_NAME = "$(TARGET_NAME)";
				SWIFT_VERSION = 5.0;
				TARGETED_DEVICE_FAMILY = "1,2";
				TEST_TARGET_NAME = BreakingBadTest;
			};
			name = Debug;
		};
		064FEEE025FAE5F4000568EE /* Release */ = {
			isa = XCBuildConfiguration;
			baseConfigurationReference = 34EAFE6BD6010A78D87258CF /* Pods-BreakingBadTest-BreakingBadTestUITests.release.xcconfig */;
			buildSettings = {
				ALWAYS_EMBED_SWIFT_STANDARD_LIBRARIES = YES;
				CODE_SIGN_STYLE = Automatic;
				DEVELOPMENT_TEAM = RD2N7UQP83;
				INFOPLIST_FILE = BreakingBadTestUITests/Info.plist;
				LD_RUNPATH_SEARCH_PATHS = (
					"$(inherited)",
					"@executable_path/Frameworks",
					"@loader_path/Frameworks",
				);
				PRODUCT_BUNDLE_IDENTIFIER = com.BreakingBadTestUITests;
				PRODUCT_NAME = "$(TARGET_NAME)";
				SWIFT_VERSION = 5.0;
				TARGETED_DEVICE_FAMILY = "1,2";
				TEST_TARGET_NAME = BreakingBadTest;
			};
			name = Release;
		};
/* End XCBuildConfiguration section */

/* Begin XCConfigurationList section */
		064FEEA925FAE5EB000568EE /* Build configuration list for PBXProject "BreakingBadTest" */ = {
			isa = XCConfigurationList;
			buildConfigurations = (
				064FEED625FAE5F4000568EE /* Debug */,
				064FEED725FAE5F4000568EE /* Release */,
			);
			defaultConfigurationIsVisible = 0;
			defaultConfigurationName = Release;
		};
		064FEED825FAE5F4000568EE /* Build configuration list for PBXNativeTarget "BreakingBadTest" */ = {
			isa = XCConfigurationList;
			buildConfigurations = (
				064FEED925FAE5F4000568EE /* Debug */,
				064FEEDA25FAE5F4000568EE /* Release */,
			);
			defaultConfigurationIsVisible = 0;
			defaultConfigurationName = Release;
		};
		064FEEDB25FAE5F4000568EE /* Build configuration list for PBXNativeTarget "BreakingBadTestTests" */ = {
			isa = XCConfigurationList;
			buildConfigurations = (
				064FEEDC25FAE5F4000568EE /* Debug */,
				064FEEDD25FAE5F4000568EE /* Release */,
			);
			defaultConfigurationIsVisible = 0;
			defaultConfigurationName = Release;
		};
		064FEEDE25FAE5F4000568EE /* Build configuration list for PBXNativeTarget "BreakingBadTestUITests" */ = {
			isa = XCConfigurationList;
			buildConfigurations = (
				064FEEDF25FAE5F4000568EE /* Debug */,
				064FEEE025FAE5F4000568EE /* Release */,
			);
			defaultConfigurationIsVisible = 0;
			defaultConfigurationName = Release;
		};
/* End XCConfigurationList section */
	};
	rootObject = 064FEEA625FAE5EB000568EE /* Project object */;
}
